
Microsoft Visual Studio Solution File, Format Version 12.00
# Visual Studio Version 17
VisualStudioVersion = 17.2.32630.192
MinimumVisualStudioVersion = 10.0.40219.1
Project("{FAE04EC0-301F-11D3-BF4B-00C04F79EFBC}") = "Yaml2Markdown.CommunityToolkit", "Yaml2Markdown.CommunityToolkit\Yaml2Markdown.CommunityToolkit.csproj", "{48A7CE7A-2C1D-4BD8-8883-68B4A4D26E63}"
EndProject
Project("{FAE04EC0-301F-11D3-BF4B-00C04F79EFBC}") = "Yaml2Markdown.CommunityToolkit.Sample", "..\Yaml2Markdown.CommunityToolkit.Sample\Yaml2Markdown.CommunityToolkit.Sample.csproj", "{52F4E417-175B-4EB3-BF30-AF9DCE0265CC}"
EndProject
Global
	GlobalSection(SolutionConfigurationPlatforms) = preSolution
		Debug|Any CPU = Debug|Any CPU
		Release|Any CPU = Release|Any CPU
	EndGlobalSection
	GlobalSection(ProjectConfigurationPlatforms) = postSolution
		{48A7CE7A-2C1D-4BD8-8883-68B4A4D26E63}.Debug|Any CPU.ActiveCfg = Debug|Any CPU
		{48A7CE7A-2C1D-4BD8-8883-68B4A4D26E63}.Debug|Any CPU.Build.0 = Debug|Any CPU
		{48A7CE7A-2C1D-4BD8-8883-68B4A4D26E63}.Release|Any CPU.ActiveCfg = Release|Any CPU
		{48A7CE7A-2C1D-4BD8-8883-68B4A4D26E63}.Release|Any CPU.Build.0 = Release|Any CPU
		{52F4E417-175B-4EB3-BF30-AF9DCE0265CC}.Debug|Any CPU.ActiveCfg = Debug|Any CPU
		{52F4E417-175B-4EB3-BF30-AF9DCE0265CC}.Debug|Any CPU.Build.0 = Debug|Any CPU
		{52F4E417-175B-4EB3-BF30-AF9DCE0265CC}.Release|Any CPU.ActiveCfg = Release|Any CPU
		{52F4E417-175B-4EB3-BF30-AF9DCE0265CC}.Release|Any CPU.Build.0 = Release|Any CPU
	EndGlobalSection
	GlobalSection(SolutionProperties) = preSolution
		HideSolutionNode = FALSE
	EndGlobalSection
	GlobalSection(ExtensibilityGlobals) = postSolution
		SolutionGuid = {EA2873F0-BCE9-4E57-9CD2-C7559F598606}
	EndGlobalSection
EndGlobal
